PODS:
  - Bolts (1.1.4)
  - Nimble (0.3.1)
  - NSTimer-Blocks (0.0.1)
  - Parse (1.6.5):
    - Bolts (~> 1.1)
  - pop (1.0.7)
  - Quick (0.2.2)
  - SVProgressHUD (1.1.2)

DEPENDENCIES:
  - nimble (~> 0.3.1)
  - NSTimer-Blocks (~> 0.0)
  - Parse (~> 1.6)
  - pop (~> 1.0)
  - quick (~> 0.2.2)
  - SVProgressHUD (~> 1.1)

SPEC CHECKSUMS:
  Bolts: dd9fb8433d67f5acc3b6b4d1379bbc5513d716c1
  Nimble: 1b3c765852d63b9540a91e528e1e4f8afab79b6f
  NSTimer-Blocks: 0a653b84ab33068a085f5c03c82c18be1f61eba9
  Parse: a21db4037d70a68a4ec64ecc0f327ed475cc14f8
  pop: 2f14a1ea61339767af9e66741b418c831b3844df
  Quick: 7b89ff625e72ef931c2a9ef2f25ac3a9d2457763
  SVProgressHUD: da7a49e789af645d9279ffbca62318945a832438

COCOAPODS: 0.36.0
