// !$*UTF8*$!
{
	archiveVersion = 1;
	classes = {
	};
	objectVersion = 46;
	objects = {

/* Begin PBXBuildFile section */
		CA413D871AC01AD800BC5138 /* AvatarView.swift in Sources */ = {isa = PBXBuildFile; fileRef = CA413D861AC01AD800BC5138 /* AvatarView.swift */; };
		CA413D891AC036A600BC5138 /* CharacterView.swift in Sources */ = {isa = PBXBuildFile; fileRef = CA413D881AC036A600BC5138 /* CharacterView.swift */; };
		E3F7026A4F7CFD44577AB57C /* libPods-mokojin.a in Frameworks */ = {isa = PBXBuildFile; fileRef = 2E68C2185B7222E00E73BA2E /* libPods-mokojin.a */; };
		ED1CDA941ABF1BEE00F52413 /* AppDelegate.swift in Sources */ = {isa = PBXBuildFile; fileRef = ED1CDA931ABF1BEE00F52413 /* AppDelegate.swift */; };
		ED1CDA991ABF1BEE00F52413 /* Main.storyboard in Resources */ = {isa = PBXBuildFile; fileRef = ED1CDA971ABF1BEE00F52413 /* Main.storyboard */; };
		ED1CDA9B1ABF1BEE00F52413 /* Images.xcassets in Resources */ = {isa = PBXBuildFile; fileRef = ED1CDA9A1ABF1BEE00F52413 /* Images.xcassets */; };
		ED1CDA9E1ABF1BEE00F52413 /* LaunchScreen.xib in Resources */ = {isa = PBXBuildFile; fileRef = ED1CDA9C1ABF1BEE00F52413 /* LaunchScreen.xib */; };
		ED1CDAAA1ABF1BEE00F52413 /* mokojinTests.swift in Sources */ = {isa = PBXBuildFile; fileRef = ED1CDAA91ABF1BEE00F52413 /* mokojinTests.swift */; };
		ED605C8F1ABFFF4700243FC1 /* GetPeople.swift in Sources */ = {isa = PBXBuildFile; fileRef = ED605C8E1ABFFF4700243FC1 /* GetPeople.swift */; };
		ED605C921AC0056400243FC1 /* JoinQueueViewController.swift in Sources */ = {isa = PBXBuildFile; fileRef = ED605C911AC0056400243FC1 /* JoinQueueViewController.swift */; };
		ED605C951AC00A7500243FC1 /* NotificationManager.swift in Sources */ = {isa = PBXBuildFile; fileRef = ED605C941AC00A7500243FC1 /* NotificationManager.swift */; };
		ED605C971AC00C1300243FC1 /* Player.swift in Sources */ = {isa = PBXBuildFile; fileRef = ED605C961AC00C1300243FC1 /* Player.swift */; };
		ED605C991AC00E5D00243FC1 /* Character.swift in Sources */ = {isa = PBXBuildFile; fileRef = ED605C981AC00E5D00243FC1 /* Character.swift */; };
		ED605C9B1AC00ED200243FC1 /* QueueItem.swift in Sources */ = {isa = PBXBuildFile; fileRef = ED605C9A1AC00ED200243FC1 /* QueueItem.swift */; };
		ED605C9D1AC00EF000243FC1 /* Match.swift in Sources */ = {isa = PBXBuildFile; fileRef = ED605C9C1AC00EF000243FC1 /* Match.swift */; };
		ED605C9F1AC010E400243FC1 /* GetCharacters.swift in Sources */ = {isa = PBXBuildFile; fileRef = ED605C9E1AC010E400243FC1 /* GetCharacters.swift */; };
		ED605CA11AC0114E00243FC1 /* CharacterStore.swift in Sources */ = {isa = PBXBuildFile; fileRef = ED605CA01AC0114E00243FC1 /* CharacterStore.swift */; };
		ED605CA31AC0120700243FC1 /* GetSessionData.swift in Sources */ = {isa = PBXBuildFile; fileRef = ED605CA21AC0120700243FC1 /* GetSessionData.swift */; };
		ED605CA51AC0137E00243FC1 /* SessionDataStore.swift in Sources */ = {isa = PBXBuildFile; fileRef = ED605CA41AC0137E00243FC1 /* SessionDataStore.swift */; };
		ED605CA81AC0152F00243FC1 /* CreatePersonOperation.swift in Sources */ = {isa = PBXBuildFile; fileRef = ED605CA71AC0152F00243FC1 /* CreatePersonOperation.swift */; };
		ED605CAA1AC0165000243FC1 /* EndMatchOperation.swift in Sources */ = {isa = PBXBuildFile; fileRef = ED605CA91AC0165000243FC1 /* EndMatchOperation.swift */; };
		ED605CAC1AC0174B00243FC1 /* GoodNightOperaiton.swift in Sources */ = {isa = PBXBuildFile; fileRef = ED605CAB1AC0174B00243FC1 /* GoodNightOperaiton.swift */; };
		ED605CAE1AC0178400243FC1 /* InvitePlayersOperation.swift in Sources */ = {isa = PBXBuildFile; fileRef = ED605CAD1AC0178400243FC1 /* InvitePlayersOperation.swift */; };
		ED605CB01AC017F100243FC1 /* JoinQueueOperation.swift in Sources */ = {isa = PBXBuildFile; fileRef = ED605CAF1AC017F100243FC1 /* JoinQueueOperation.swift */; };
		ED605CB21AC0183000243FC1 /* LeaveQueueOperation.swift in Sources */ = {isa = PBXBuildFile; fileRef = ED605CB11AC0183000243FC1 /* LeaveQueueOperation.swift */; };
		ED605CB41AC0186C00243FC1 /* SetCharactersOperation.swift in Sources */ = {isa = PBXBuildFile; fileRef = ED605CB31AC0186C00243FC1 /* SetCharactersOperation.swift */; };
		EDD2A2D21ABF305C00B2AC91 /* Person.swift in Sources */ = {isa = PBXBuildFile; fileRef = EDD2A2D11ABF305C00B2AC91 /* Person.swift */; };
		EDD2A2D51ABF311B00B2AC91 /* PeopleStore.swift in Sources */ = {isa = PBXBuildFile; fileRef = EDD2A2D41ABF311B00B2AC91 /* PeopleStore.swift */; };
/* End PBXBuildFile section */

/* Begin PBXContainerItemProxy section */
		ED1CDAA41ABF1BEE00F52413 /* PBXContainerItemProxy */ = {
			isa = PBXContainerItemProxy;
			containerPortal = ED1CDA861ABF1BEE00F52413 /* Project object */;
			proxyType = 1;
			remoteGlobalIDString = ED1CDA8D1ABF1BEE00F52413;
			remoteInfo = mokojin;
		};
/* End PBXContainerItemProxy section */

/* Begin PBXFileReference section */
		2E68C2185B7222E00E73BA2E /* libPods-mokojin.a */ = {isa = PBXFileReference; explicitFileType = archive.ar; includeInIndex = 0; path = "libPods-mokojin.a"; sourceTree = BUILT_PRODUCTS_DIR; };
		609B91B80C28049DC558B30B /* Pods-mokojin.release.xcconfig */ = {isa = PBXFileReference; includeInIndex = 1; lastKnownFileType = text.xcconfig; name = "Pods-mokojin.release.xcconfig"; path = "Pods/Target Support Files/Pods-mokojin/Pods-mokojin.release.xcconfig"; sourceTree = "<group>"; };
		B863B02A9B3F6DF8520A1838 /* Pods-mokojin.debug.xcconfig */ = {isa = PBXFileReference; includeInIndex = 1; lastKnownFileType = text.xcconfig; name = "Pods-mokojin.debug.xcconfig"; path = "Pods/Target Support Files/Pods-mokojin/Pods-mokojin.debug.xcconfig"; sourceTree = "<group>"; };
		CA413D861AC01AD800BC5138 /* AvatarView.swift */ = {isa = PBXFileReference; fileEncoding = 4; lastKnownFileType = sourcecode.swift; path = AvatarView.swift; sourceTree = "<group>"; };
		CA413D881AC036A600BC5138 /* CharacterView.swift */ = {isa = PBXFileReference; fileEncoding = 4; lastKnownFileType = sourcecode.swift; path = CharacterView.swift; sourceTree = "<group>"; };
		ED1CDA8E1ABF1BEE00F52413 /* mokojin.app */ = {isa = PBXFileReference; explicitFileType = wrapper.application; includeInIndex = 0; path = mokojin.app; sourceTree = BUILT_PRODUCTS_DIR; };
		ED1CDA921ABF1BEE00F52413 /* Info.plist */ = {isa = PBXFileReference; lastKnownFileType = text.plist.xml; path = Info.plist; sourceTree = "<group>"; };
		ED1CDA931ABF1BEE00F52413 /* AppDelegate.swift */ = {isa = PBXFileReference; lastKnownFileType = sourcecode.swift; path = AppDelegate.swift; sourceTree = "<group>"; };
		ED1CDA981ABF1BEE00F52413 /* Base */ = {isa = PBXFileReference; lastKnownFileType = file.storyboard; name = Base; path = Base.lproj/Main.storyboard; sourceTree = "<group>"; };
		ED1CDA9A1ABF1BEE00F52413 /* Images.xcassets */ = {isa = PBXFileReference; lastKnownFileType = folder.assetcatalog; path = Images.xcassets; sourceTree = "<group>"; };
		ED1CDA9D1ABF1BEE00F52413 /* Base */ = {isa = PBXFileReference; lastKnownFileType = file.xib; name = Base; path = Base.lproj/LaunchScreen.xib; sourceTree = "<group>"; };
		ED1CDAA31ABF1BEE00F52413 /* mokojinTests.xctest */ = {isa = PBXFileReference; explicitFileType = wrapper.cfbundle; includeInIndex = 0; path = mokojinTests.xctest; sourceTree = BUILT_PRODUCTS_DIR; };
		ED1CDAA81ABF1BEE00F52413 /* Info.plist */ = {isa = PBXFileReference; lastKnownFileType = text.plist.xml; path = Info.plist; sourceTree = "<group>"; };
		ED1CDAA91ABF1BEE00F52413 /* mokojinTests.swift */ = {isa = PBXFileReference; lastKnownFileType = sourcecode.swift; path = mokojinTests.swift; sourceTree = "<group>"; };
		ED605C8E1ABFFF4700243FC1 /* GetPeople.swift */ = {isa = PBXFileReference; fileEncoding = 4; lastKnownFileType = sourcecode.swift; path = GetPeople.swift; sourceTree = "<group>"; };
		ED605C911AC0056400243FC1 /* JoinQueueViewController.swift */ = {isa = PBXFileReference; fileEncoding = 4; lastKnownFileType = sourcecode.swift; path = JoinQueueViewController.swift; sourceTree = "<group>"; };
		ED605C941AC00A7500243FC1 /* NotificationManager.swift */ = {isa = PBXFileReference; fileEncoding = 4; lastKnownFileType = sourcecode.swift; path = NotificationManager.swift; sourceTree = "<group>"; };
		ED605C961AC00C1300243FC1 /* Player.swift */ = {isa = PBXFileReference; fileEncoding = 4; lastKnownFileType = sourcecode.swift; path = Player.swift; sourceTree = "<group>"; };
		ED605C981AC00E5D00243FC1 /* Character.swift */ = {isa = PBXFileReference; fileEncoding = 4; lastKnownFileType = sourcecode.swift; path = Character.swift; sourceTree = "<group>"; };
		ED605C9A1AC00ED200243FC1 /* QueueItem.swift */ = {isa = PBXFileReference; fileEncoding = 4; lastKnownFileType = sourcecode.swift; path = QueueItem.swift; sourceTree = "<group>"; };
		ED605C9C1AC00EF000243FC1 /* Match.swift */ = {isa = PBXFileReference; fileEncoding = 4; lastKnownFileType = sourcecode.swift; path = Match.swift; sourceTree = "<group>"; };
		ED605C9E1AC010E400243FC1 /* GetCharacters.swift */ = {isa = PBXFileReference; fileEncoding = 4; lastKnownFileType = sourcecode.swift; path = GetCharacters.swift; sourceTree = "<group>"; };
		ED605CA01AC0114E00243FC1 /* CharacterStore.swift */ = {isa = PBXFileReference; fileEncoding = 4; lastKnownFileType = sourcecode.swift; path = CharacterStore.swift; sourceTree = "<group>"; };
		ED605CA21AC0120700243FC1 /* GetSessionData.swift */ = {isa = PBXFileReference; fileEncoding = 4; lastKnownFileType = sourcecode.swift; path = GetSessionData.swift; sourceTree = "<group>"; };
		ED605CA41AC0137E00243FC1 /* SessionDataStore.swift */ = {isa = PBXFileReference; fileEncoding = 4; lastKnownFileType = sourcecode.swift; path = SessionDataStore.swift; sourceTree = "<group>"; };
		ED605CA71AC0152F00243FC1 /* CreatePersonOperation.swift */ = {isa = PBXFileReference; fileEncoding = 4; lastKnownFileType = sourcecode.swift; path = CreatePersonOperation.swift; sourceTree = "<group>"; };
		ED605CA91AC0165000243FC1 /* EndMatchOperation.swift */ = {isa = PBXFileReference; fileEncoding = 4; lastKnownFileType = sourcecode.swift; path = EndMatchOperation.swift; sourceTree = "<group>"; };
		ED605CAB1AC0174B00243FC1 /* GoodNightOperaiton.swift */ = {isa = PBXFileReference; fileEncoding = 4; lastKnownFileType = sourcecode.swift; path = GoodNightOperaiton.swift; sourceTree = "<group>"; };
		ED605CAD1AC0178400243FC1 /* InvitePlayersOperation.swift */ = {isa = PBXFileReference; fileEncoding = 4; lastKnownFileType = sourcecode.swift; path = InvitePlayersOperation.swift; sourceTree = "<group>"; };
		ED605CAF1AC017F100243FC1 /* JoinQueueOperation.swift */ = {isa = PBXFileReference; fileEncoding = 4; lastKnownFileType = sourcecode.swift; path = JoinQueueOperation.swift; sourceTree = "<group>"; };
		ED605CB11AC0183000243FC1 /* LeaveQueueOperation.swift */ = {isa = PBXFileReference; fileEncoding = 4; lastKnownFileType = sourcecode.swift; path = LeaveQueueOperation.swift; sourceTree = "<group>"; };
		ED605CB31AC0186C00243FC1 /* SetCharactersOperation.swift */ = {isa = PBXFileReference; fileEncoding = 4; lastKnownFileType = sourcecode.swift; path = SetCharactersOperation.swift; sourceTree = "<group>"; };
		EDD2A2D11ABF305C00B2AC91 /* Person.swift */ = {isa = PBXFileReference; fileEncoding = 4; lastKnownFileType = sourcecode.swift; path = Person.swift; sourceTree = "<group>"; };
		EDD2A2D41ABF311B00B2AC91 /* PeopleStore.swift */ = {isa = PBXFileReference; fileEncoding = 4; lastKnownFileType = sourcecode.swift; path = PeopleStore.swift; sourceTree = "<group>"; };
/* End PBXFileReference section */

/* Begin PBXFrameworksBuildPhase section */
		ED1CDA8B1ABF1BEE00F52413 /* Frameworks */ = {
			isa = PBXFrameworksBuildPhase;
			buildActionMask = 2147483647;
			files = (
				E3F7026A4F7CFD44577AB57C /* libPods-mokojin.a in Frameworks */,
			);
			runOnlyForDeploymentPostprocessing = 0;
		};
		ED1CDAA01ABF1BEE00F52413 /* Frameworks */ = {
			isa = PBXFrameworksBuildPhase;
			buildActionMask = 2147483647;
			files = (
			);
			runOnlyForDeploymentPostprocessing = 0;
		};
/* End PBXFrameworksBuildPhase section */

/* Begin PBXGroup section */
		3F4481F584FA89BCB664E147 /* Pods */ = {
			isa = PBXGroup;
			children = (
				B863B02A9B3F6DF8520A1838 /* Pods-mokojin.debug.xcconfig */,
				609B91B80C28049DC558B30B /* Pods-mokojin.release.xcconfig */,
			);
			name = Pods;
			sourceTree = "<group>";
		};
		6B8FFFCD42F3342AD0BA15B4 /* Frameworks */ = {
			isa = PBXGroup;
			children = (
				2E68C2185B7222E00E73BA2E /* libPods-mokojin.a */,
			);
			name = Frameworks;
			sourceTree = "<group>";
		};
		CA413D851AC01ABC00BC5138 /* view */ = {
			isa = PBXGroup;
			children = (
				CA413D861AC01AD800BC5138 /* AvatarView.swift */,
				CA413D881AC036A600BC5138 /* CharacterView.swift */,
			);
			name = view;
			sourceTree = "<group>";
		};
		ED1CDA851ABF1BEE00F52413 = {
			isa = PBXGroup;
			children = (
				ED1CDA901ABF1BEE00F52413 /* mokojin */,
				ED1CDAA61ABF1BEE00F52413 /* mokojinTests */,
				ED1CDA8F1ABF1BEE00F52413 /* Products */,
				3F4481F584FA89BCB664E147 /* Pods */,
				6B8FFFCD42F3342AD0BA15B4 /* Frameworks */,
			);
			sourceTree = "<group>";
		};
		ED1CDA8F1ABF1BEE00F52413 /* Products */ = {
			isa = PBXGroup;
			children = (
				ED1CDA8E1ABF1BEE00F52413 /* mokojin.app */,
				ED1CDAA31ABF1BEE00F52413 /* mokojinTests.xctest */,
			);
			name = Products;
			sourceTree = "<group>";
		};
		ED1CDA901ABF1BEE00F52413 /* mokojin */ = {
			isa = PBXGroup;
			children = (
				CA413D851AC01ABC00BC5138 /* view */,
				ED605C901AC0054C00243FC1 /* controllers */,
				ED605C8C1ABFFF2E00243FC1 /* cloud */,
				EDD2A2D31ABF310D00B2AC91 /* datastores */,
				EDD2A2D01ABF304E00B2AC91 /* models */,
				ED605C931AC00A6B00243FC1 /* utils */,
				ED1CDA931ABF1BEE00F52413 /* AppDelegate.swift */,
				ED1CDA971ABF1BEE00F52413 /* Main.storyboard */,
				ED1CDA9A1ABF1BEE00F52413 /* Images.xcassets */,
				ED1CDA9C1ABF1BEE00F52413 /* LaunchScreen.xib */,
				ED1CDA911ABF1BEE00F52413 /* Supporting Files */,
			);
			path = mokojin;
			sourceTree = "<group>";
		};
		ED1CDA911ABF1BEE00F52413 /* Supporting Files */ = {
			isa = PBXGroup;
			children = (
				ED1CDA921ABF1BEE00F52413 /* Info.plist */,
			);
			name = "Supporting Files";
			sourceTree = "<group>";
		};
		ED1CDAA61ABF1BEE00F52413 /* mokojinTests */ = {
			isa = PBXGroup;
			children = (
				ED1CDAA91ABF1BEE00F52413 /* mokojinTests.swift */,
				ED1CDAA71ABF1BEE00F52413 /* Supporting Files */,
			);
			path = mokojinTests;
			sourceTree = "<group>";
		};
		ED1CDAA71ABF1BEE00F52413 /* Supporting Files */ = {
			isa = PBXGroup;
			children = (
				ED1CDAA81ABF1BEE00F52413 /* Info.plist */,
			);
			name = "Supporting Files";
			sourceTree = "<group>";
		};
		ED605C8C1ABFFF2E00243FC1 /* cloud */ = {
			isa = PBXGroup;
			children = (
				ED605CA61AC0151500243FC1 /* operations */,
				ED605C8D1ABFFF3700243FC1 /* getters */,
			);
			name = cloud;
			sourceTree = "<group>";
		};
		ED605C8D1ABFFF3700243FC1 /* getters */ = {
			isa = PBXGroup;
			children = (
				ED605C8E1ABFFF4700243FC1 /* GetPeople.swift */,
				ED605C9E1AC010E400243FC1 /* GetCharacters.swift */,
				ED605CA21AC0120700243FC1 /* GetSessionData.swift */,
			);
			name = getters;
			sourceTree = "<group>";
		};
		ED605C901AC0054C00243FC1 /* controllers */ = {
			isa = PBXGroup;
			children = (
				ED605C911AC0056400243FC1 /* JoinQueueViewController.swift */,
			);
			name = controllers;
			sourceTree = "<group>";
		};
		ED605C931AC00A6B00243FC1 /* utils */ = {
			isa = PBXGroup;
			children = (
				ED605C941AC00A7500243FC1 /* NotificationManager.swift */,
			);
			name = utils;
			sourceTree = "<group>";
		};
		ED605CA61AC0151500243FC1 /* operations */ = {
			isa = PBXGroup;
			children = (
				ED605CA71AC0152F00243FC1 /* CreatePersonOperation.swift */,
				ED605CA91AC0165000243FC1 /* EndMatchOperation.swift */,
				ED605CAB1AC0174B00243FC1 /* GoodNightOperaiton.swift */,
				ED605CAD1AC0178400243FC1 /* InvitePlayersOperation.swift */,
				ED605CAF1AC017F100243FC1 /* JoinQueueOperation.swift */,
				ED605CB11AC0183000243FC1 /* LeaveQueueOperation.swift */,
				ED605CB31AC0186C00243FC1 /* SetCharactersOperation.swift */,
			);
			name = operations;
			sourceTree = "<group>";
		};
		EDD2A2D01ABF304E00B2AC91 /* models */ = {
			isa = PBXGroup;
			children = (
				EDD2A2D11ABF305C00B2AC91 /* Person.swift */,
				ED605C961AC00C1300243FC1 /* Player.swift */,
				ED605C981AC00E5D00243FC1 /* Character.swift */,
				ED605C9A1AC00ED200243FC1 /* QueueItem.swift */,
				ED605C9C1AC00EF000243FC1 /* Match.swift */,
			);
			name = models;
			sourceTree = "<group>";
		};
		EDD2A2D31ABF310D00B2AC91 /* datastores */ = {
			isa = PBXGroup;
			children = (
				EDD2A2D41ABF311B00B2AC91 /* PeopleStore.swift */,
				ED605CA01AC0114E00243FC1 /* CharacterStore.swift */,
				ED605CA41AC0137E00243FC1 /* SessionDataStore.swift */,
			);
			name = datastores;
			sourceTree = "<group>";
		};
/* End PBXGroup section */

/* Begin PBXNativeTarget section */
		ED1CDA8D1ABF1BEE00F52413 /* mokojin */ = {
			isa = PBXNativeTarget;
			buildConfigurationList = ED1CDAAD1ABF1BEE00F52413 /* Build configuration list for PBXNativeTarget "mokojin" */;
			buildPhases = (
				158A319567A15DBE42C73EE2 /* Check Pods Manifest.lock */,
				ED1CDA8A1ABF1BEE00F52413 /* Sources */,
				ED1CDA8B1ABF1BEE00F52413 /* Frameworks */,
				ED1CDA8C1ABF1BEE00F52413 /* Resources */,
				9488AC40B15DEAE68FF46044 /* Copy Pods Resources */,
			);
			buildRules = (
			);
			dependencies = (
			);
			name = mokojin;
			productName = mokojin;
			productReference = ED1CDA8E1ABF1BEE00F52413 /* mokojin.app */;
			productType = "com.apple.product-type.application";
		};
		ED1CDAA21ABF1BEE00F52413 /* mokojinTests */ = {
			isa = PBXNativeTarget;
			buildConfigurationList = ED1CDAB01ABF1BEE00F52413 /* Build configuration list for PBXNativeTarget "mokojinTests" */;
			buildPhases = (
				ED1CDA9F1ABF1BEE00F52413 /* Sources */,
				ED1CDAA01ABF1BEE00F52413 /* Frameworks */,
				ED1CDAA11ABF1BEE00F52413 /* Resources */,
			);
			buildRules = (
			);
			dependencies = (
				ED1CDAA51ABF1BEE00F52413 /* PBXTargetDependency */,
			);
			name = mokojinTests;
			productName = mokojinTests;
			productReference = ED1CDAA31ABF1BEE00F52413 /* mokojinTests.xctest */;
			productType = "com.apple.product-type.bundle.unit-test";
		};
/* End PBXNativeTarget section */

/* Begin PBXProject section */
		ED1CDA861ABF1BEE00F52413 /* Project object */ = {
			isa = PBXProject;
			attributes = {
				LastUpgradeCheck = 0620;
				ORGANIZATIONNAME = iicninjas;
				TargetAttributes = {
					ED1CDA8D1ABF1BEE00F52413 = {
						CreatedOnToolsVersion = 6.2;
					};
					ED1CDAA21ABF1BEE00F52413 = {
						CreatedOnToolsVersion = 6.2;
						TestTargetID = ED1CDA8D1ABF1BEE00F52413;
					};
				};
			};
			buildConfigurationList = ED1CDA891ABF1BEE00F52413 /* Build configuration list for PBXProject "mokojin" */;
			compatibilityVersion = "Xcode 3.2";
			developmentRegion = English;
			hasScannedForEncodings = 0;
			knownRegions = (
				en,
				Base,
			);
			mainGroup = ED1CDA851ABF1BEE00F52413;
			productRefGroup = ED1CDA8F1ABF1BEE00F52413 /* Products */;
			projectDirPath = "";
			projectRoot = "";
			targets = (
				ED1CDA8D1ABF1BEE00F52413 /* mokojin */,
				ED1CDAA21ABF1BEE00F52413 /* mokojinTests */,
			);
		};
/* End PBXProject section */

/* Begin PBXResourcesBuildPhase section */
		ED1CDA8C1ABF1BEE00F52413 /* Resources */ = {
			isa = PBXResourcesBuildPhase;
			buildActionMask = 2147483647;
			files = (
				ED1CDA991ABF1BEE00F52413 /* Main.storyboard in Resources */,
				ED1CDA9E1ABF1BEE00F52413 /* LaunchScreen.xib in Resources */,
				ED1CDA9B1ABF1BEE00F52413 /* Images.xcassets in Resources */,
			);
			runOnlyForDeploymentPostprocessing = 0;
		};
		ED1CDAA11ABF1BEE00F52413 /* Resources */ = {
			isa = PBXResourcesBuildPhase;
			buildActionMask = 2147483647;
			files = (
			);
			runOnlyForDeploymentPostprocessing = 0;
		};
/* End PBXResourcesBuildPhase section */

/* Begin PBXShellScriptBuildPhase section */
		158A319567A15DBE42C73EE2 /* Check Pods Manifest.lock */ = {
			isa = PBXShellScriptBuildPhase;
			buildActionMask = 2147483647;
			files = (
			);
			inputPaths = (
			);
			name = "Check Pods Manifest.lock";
			outputPaths = (
			);
			runOnlyForDeploymentPostprocessing = 0;
			shellPath = /bin/sh;
			shellScript = "diff \"${PODS_ROOT}/../Podfile.lock\" \"${PODS_ROOT}/Manifest.lock\" > /dev/null\nif [[ $? != 0 ]] ; then\n    cat << EOM\nerror: The sandbox is not in sync with the Podfile.lock. Run 'pod install' or update your CocoaPods installation.\nEOM\n    exit 1\nfi\n";
			showEnvVarsInLog = 0;
		};
		9488AC40B15DEAE68FF46044 /* Copy Pods Resources */ = {
			isa = PBXShellScriptBuildPhase;
			buildActionMask = 2147483647;
			files = (
			);
			inputPaths = (
			);
			name = "Copy Pods Resources";
			outputPaths = (
			);
			runOnlyForDeploymentPostprocessing = 0;
			shellPath = /bin/sh;
			shellScript = "\"${SRCROOT}/Pods/Target Support Files/Pods-mokojin/Pods-mokojin-resources.sh\"\n";
			showEnvVarsInLog = 0;
		};
/* End PBXShellScriptBuildPhase section */

/* Begin PBXSourcesBuildPhase section */
		ED1CDA8A1ABF1BEE00F52413 /* Sources */ = {
			isa = PBXSourcesBuildPhase;
			buildActionMask = 2147483647;
			files = (
				ED605CA31AC0120700243FC1 /* GetSessionData.swift in Sources */,
				ED605CAE1AC0178400243FC1 /* InvitePlayersOperation.swift in Sources */,
				ED605C951AC00A7500243FC1 /* NotificationManager.swift in Sources */,
				ED605CA11AC0114E00243FC1 /* CharacterStore.swift in Sources */,
				ED605C921AC0056400243FC1 /* JoinQueueViewController.swift in Sources */,
				ED605CAC1AC0174B00243FC1 /* GoodNightOperaiton.swift in Sources */,
				CA413D891AC036A600BC5138 /* CharacterView.swift in Sources */,
				ED605C9F1AC010E400243FC1 /* GetCharacters.swift in Sources */,
				ED605CB21AC0183000243FC1 /* LeaveQueueOperation.swift in Sources */,
				ED605CB41AC0186C00243FC1 /* SetCharactersOperation.swift in Sources */,
				EDD2A2D21ABF305C00B2AC91 /* Person.swift in Sources */,
				ED605C9D1AC00EF000243FC1 /* Match.swift in Sources */,
				ED605CAA1AC0165000243FC1 /* EndMatchOperation.swift in Sources */,
				ED605C8F1ABFFF4700243FC1 /* GetPeople.swift in Sources */,
				ED605CB01AC017F100243FC1 /* JoinQueueOperation.swift in Sources */,
				ED605C971AC00C1300243FC1 /* Player.swift in Sources */,
				CA413D871AC01AD800BC5138 /* AvatarView.swift in Sources */,
				EDD2A2D51ABF311B00B2AC91 /* PeopleStore.swift in Sources */,
				ED605CA81AC0152F00243FC1 /* CreatePersonOperation.swift in Sources */,
				ED605CA51AC0137E00243FC1 /* SessionDataStore.swift in Sources */,
				ED1CDA941ABF1BEE00F52413 /* AppDelegate.swift in Sources */,
				ED605C9B1AC00ED200243FC1 /* QueueItem.swift in Sources */,
				ED605C991AC00E5D00243FC1 /* Character.swift in Sources */,
			);
			runOnlyForDeploymentPostprocessing = 0;
		};
		ED1CDA9F1ABF1BEE00F52413 /* Sources */ = {
			isa = PBXSourcesBuildPhase;
			buildActionMask = 2147483647;
			files = (
				ED1CDAAA1ABF1BEE00F52413 /* mokojinTests.swift in Sources */,
			);
			runOnlyForDeploymentPostprocessing = 0;
		};
/* End PBXSourcesBuildPhase section */

/* Begin PBXTargetDependency section */
		ED1CDAA51ABF1BEE00F52413 /* PBXTargetDependency */ = {
			isa = PBXTargetDependency;
			target = ED1CDA8D1ABF1BEE00F52413 /* mokojin */;
			targetProxy = ED1CDAA41ABF1BEE00F52413 /* PBXContainerItemProxy */;
		};
/* End PBXTargetDependency section */

/* Begin PBXVariantGroup section */
		ED1CDA971ABF1BEE00F52413 /* Main.storyboard */ = {
			isa = PBXVariantGroup;
			children = (
				ED1CDA981ABF1BEE00F52413 /* Base */,
			);
			name = Main.storyboard;
			sourceTree = "<group>";
		};
		ED1CDA9C1ABF1BEE00F52413 /* LaunchScreen.xib */ = {
			isa = PBXVariantGroup;
			children = (
				ED1CDA9D1ABF1BEE00F52413 /* Base */,
			);
			name = LaunchScreen.xib;
			sourceTree = "<group>";
		};
/* End PBXVariantGroup section */

/* Begin XCBuildConfiguration section */
		ED1CDAAB1ABF1BEE00F52413 /* Debug */ = {
			isa = XCBuildConfiguration;
			buildSettings = {
				ALWAYS_SEARCH_USER_PATHS = NO;
				CLANG_CXX_LANGUAGE_STANDARD = "gnu++0x";
				CLANG_CXX_LIBRARY = "libc++";
				CLANG_ENABLE_MODULES = YES;
				CLANG_ENABLE_OBJC_ARC = YES;
				CLANG_WARN_BOOL_CONVERSION = YES;
				CLANG_WARN_CONSTANT_CONVERSION = YES;
				CLANG_WARN_DIRECT_OBJC_ISA_USAGE = YES_ERROR;
				CLANG_WARN_EMPTY_BODY = YES;
				CLANG_WARN_ENUM_CONVERSION = YES;
				CLANG_WARN_INT_CONVERSION = YES;
				CLANG_WARN_OBJC_ROOT_CLASS = YES_ERROR;
				CLANG_WARN_UNREACHABLE_CODE = YES;
				CLANG_WARN__DUPLICATE_METHOD_MATCH = YES;
				"CODE_SIGN_IDENTITY[sdk=iphoneos*]" = "iPhone Developer";
				COPY_PHASE_STRIP = NO;
				ENABLE_STRICT_OBJC_MSGSEND = YES;
				GCC_C_LANGUAGE_STANDARD = gnu99;
				GCC_DYNAMIC_NO_PIC = NO;
				GCC_OPTIMIZATION_LEVEL = 0;
				GCC_PREPROCESSOR_DEFINITIONS = (
					"DEBUG=1",
					"$(inherited)",
				);
				GCC_SYMBOLS_PRIVATE_EXTERN = NO;
				GCC_WARN_64_TO_32_BIT_CONVERSION = YES;
				GCC_WARN_ABOUT_RETURN_TYPE = YES_ERROR;
				GCC_WARN_UNDECLARED_SELECTOR = YES;
				GCC_WARN_UNINITIALIZED_AUTOS = YES_AGGRESSIVE;
				GCC_WARN_UNUSED_FUNCTION = YES;
				GCC_WARN_UNUSED_VARIABLE = YES;
				IPHONEOS_DEPLOYMENT_TARGET = 8.2;
				MTL_ENABLE_DEBUG_INFO = YES;
				ONLY_ACTIVE_ARCH = YES;
				SDKROOT = iphoneos;
				SWIFT_OPTIMIZATION_LEVEL = "-Onone";
				TARGETED_DEVICE_FAMILY = "1,2";
			};
			name = Debug;
		};
		ED1CDAAC1ABF1BEE00F52413 /* Release */ = {
			isa = XCBuildConfiguration;
			buildSettings = {
				ALWAYS_SEARCH_USER_PATHS = NO;
				CLANG_CXX_LANGUAGE_STANDARD = "gnu++0x";
				CLANG_CXX_LIBRARY = "libc++";
				CLANG_ENABLE_MODULES = YES;
				CLANG_ENABLE_OBJC_ARC = YES;
				CLANG_WARN_BOOL_CONVERSION = YES;
				CLANG_WARN_CONSTANT_CONVERSION = YES;
				CLANG_WARN_DIRECT_OBJC_ISA_USAGE = YES_ERROR;
				CLANG_WARN_EMPTY_BODY = YES;
				CLANG_WARN_ENUM_CONVERSION = YES;
				CLANG_WARN_INT_CONVERSION = YES;
				CLANG_WARN_OBJC_ROOT_CLASS = YES_ERROR;
				CLANG_WARN_UNREACHABLE_CODE = YES;
				CLANG_WARN__DUPLICATE_METHOD_MATCH = YES;
				"CODE_SIGN_IDENTITY[sdk=iphoneos*]" = "iPhone Developer";
				COPY_PHASE_STRIP = NO;
				ENABLE_NS_ASSERTIONS = NO;
				ENABLE_STRICT_OBJC_MSGSEND = YES;
				GCC_C_LANGUAGE_STANDARD = gnu99;
				GCC_WARN_64_TO_32_BIT_CONVERSION = YES;
				GCC_WARN_ABOUT_RETURN_TYPE = YES_ERROR;
				GCC_WARN_UNDECLARED_SELECTOR = YES;
				GCC_WARN_UNINITIALIZED_AUTOS = YES_AGGRESSIVE;
				GCC_WARN_UNUSED_FUNCTION = YES;
				GCC_WARN_UNUSED_VARIABLE = YES;
				IPHONEOS_DEPLOYMENT_TARGET = 8.2;
				MTL_ENABLE_DEBUG_INFO = NO;
				SDKROOT = iphoneos;
				TARGETED_DEVICE_FAMILY = "1,2";
				VALIDATE_PRODUCT = YES;
			};
			name = Release;
		};
		ED1CDAAE1ABF1BEE00F52413 /* Debug */ = {
			isa = XCBuildConfiguration;
			baseConfigurationReference = B863B02A9B3F6DF8520A1838 /* Pods-mokojin.debug.xcconfig */;
			buildSettings = {
				ASSETCATALOG_COMPILER_APPICON_NAME = AppIcon;
				INFOPLIST_FILE = mokojin/Info.plist;
				IPHONEOS_DEPLOYMENT_TARGET = 8.0;
				LD_RUNPATH_SEARCH_PATHS = "$(inherited) @executable_path/Frameworks";
				PRODUCT_NAME = "$(TARGET_NAME)";
			};
			name = Debug;
		};
		ED1CDAAF1ABF1BEE00F52413 /* Release */ = {
			isa = XCBuildConfiguration;
			baseConfigurationReference = 609B91B80C28049DC558B30B /* Pods-mokojin.release.xcconfig */;
			buildSettings = {
				ASSETCATALOG_COMPILER_APPICON_NAME = AppIcon;
				INFOPLIST_FILE = mokojin/Info.plist;
				IPHONEOS_DEPLOYMENT_TARGET = 8.0;
				LD_RUNPATH_SEARCH_PATHS = "$(inherited) @executable_path/Frameworks";
				PRODUCT_NAME = "$(TARGET_NAME)";
			};
			name = Release;
		};
		ED1CDAB11ABF1BEE00F52413 /* Debug */ = {
			isa = XCBuildConfiguration;
			buildSettings = {
				BUNDLE_LOADER = "$(TEST_HOST)";
				FRAMEWORK_SEARCH_PATHS = (
					"$(SDKROOT)/Developer/Library/Frameworks",
					"$(inherited)",
				);
				GCC_PREPROCESSOR_DEFINITIONS = (
					"DEBUG=1",
					"$(inherited)",
				);
				INFOPLIST_FILE = mokojinTests/Info.plist;
				LD_RUNPATH_SEARCH_PATHS = "$(inherited) @executable_path/Frameworks @loader_path/Frameworks";
				PRODUCT_NAME = "$(TARGET_NAME)";
				TEST_HOST = "$(BUILT_PRODUCTS_DIR)/mokojin.app/mokojin";
			};
			name = Debug;
		};
		ED1CDAB21ABF1BEE00F52413 /* Release */ = {
			isa = XCBuildConfiguration;
			buildSettings = {
				BUNDLE_LOADER = "$(TEST_HOST)";
				FRAMEWORK_SEARCH_PATHS = (
					"$(SDKROOT)/Developer/Library/Frameworks",
					"$(inherited)",
				);
				INFOPLIST_FILE = mokojinTests/Info.plist;
				LD_RUNPATH_SEARCH_PATHS = "$(inherited) @executable_path/Frameworks @loader_path/Frameworks";
				PRODUCT_NAME = "$(TARGET_NAME)";
				TEST_HOST = "$(BUILT_PRODUCTS_DIR)/mokojin.app/mokojin";
			};
			name = Release;
		};
/* End XCBuildConfiguration section */

/* Begin XCConfigurationList section */
		ED1CDA891ABF1BEE00F52413 /* Build configuration list for PBXProject "mokojin" */ = {
			isa = XCConfigurationList;
			buildConfigurations = (
				ED1CDAAB1ABF1BEE00F52413 /* Debug */,
				ED1CDAAC1ABF1BEE00F52413 /* Release */,
			);
			defaultConfigurationIsVisible = 0;
			defaultConfigurationName = Release;
		};
		ED1CDAAD1ABF1BEE00F52413 /* Build configuration list for PBXNativeTarget "mokojin" */ = {
			isa = XCConfigurationList;
			buildConfigurations = (
				ED1CDAAE1ABF1BEE00F52413 /* Debug */,
				ED1CDAAF1ABF1BEE00F52413 /* Release */,
			);
			defaultConfigurationIsVisible = 0;
			defaultConfigurationName = Release;
		};
		ED1CDAB01ABF1BEE00F52413 /* Build configuration list for PBXNativeTarget "mokojinTests" */ = {
			isa = XCConfigurationList;
			buildConfigurations = (
				ED1CDAB11ABF1BEE00F52413 /* Debug */,
				ED1CDAB21ABF1BEE00F52413 /* Release */,
			);
			defaultConfigurationIsVisible = 0;
			defaultConfigurationName = Release;
		};
/* End XCConfigurationList section */
	};
	rootObject = ED1CDA861ABF1BEE00F52413 /* Project object */;
}
